<?xml version="1.0" encoding="UTF-8" standalone="yes" ?>
<CodeBlocks_project_file>
	<FileVersion major="1" minor="6" />
	<Project>
		<Option title="ICT283_Assignment1_Chan_Kok_Wai_33924804" />
		<Option pch_mode="2" />
		<Option compiler="gcc" />
		<Build>
			<Target title="Debug">
				<Option output="bin/Debug/ICT283_Assignment1_Chan_Kok_Wai_33924804" prefix_auto="1" extension_auto="1" />
				<Option object_output="obj/Debug/" />
				<Option type="1" />
				<Option compiler="gcc" />
				<Compiler>
					<Add option="-g" />
				</Compiler>
			</Target>
			<Target title="Release">
				<Option output="bin/Release/ICT283_Assignment1_Chan_Kok_Wai_33924804" prefix_auto="1" extension_auto="1" />
				<Option object_output="obj/Release/" />
				<Option type="1" />
				<Option compiler="gcc" />
				<Compiler>
					<Add option="-O2" />
				</Compiler>
				<Linker>
					<Add option="-s" />
				</Linker>
			</Target>
		</Build>
		<Compiler>
			<Add option="-Wall" />
		</Compiler>
		<Unit filename="Converter.cpp" />
		<Unit filename="Converter.h">
			<Option target="&lt;{~None~}&gt;" />
		</Unit>
		<Unit filename="ConverterTest.cpp">
			<Option compile="0" />
			<Option link="0" />
		</Unit>
		<Unit filename="DataReader.cpp" />
		<Unit filename="DataReader.h">
			<Option target="&lt;{~None~}&gt;" />
		</Unit>
		<Unit filename="DataReaderTest.cpp">
			<Option compile="0" />
			<Option link="0" />
		</Unit>
		<Unit filename="Date.cpp" />
		<Unit filename="Date.h">
			<Option target="&lt;{~None~}&gt;" />
		</Unit>
		<Unit filename="DateTest.cpp">
			<Option compile="0" />
			<Option link="0" />
		</Unit>
		<Unit filename="Main.cpp" />
		<Unit filename="Menu.cpp" />
		<Unit filename="Menu.h">
			<Option target="&lt;{~None~}&gt;" />
		</Unit>
		<Unit filename="Time.cpp" />
		<Unit filename="Time.h">
			<Option target="&lt;{~None~}&gt;" />
		</Unit>
		<Unit filename="TimeTest.cpp">
			<Option compile="0" />
			<Option link="0" />
		</Unit>
		<Unit filename="Utils.cpp" />
		<Unit filename="Utils.h">
			<Option target="&lt;{~None~}&gt;" />
		</Unit>
		<Unit filename="Vector.h">
			<Option target="&lt;{~None~}&gt;" />
		</Unit>
		<Unit filename="VectorTest.cpp">
			<Option compile="0" />
			<Option link="0" />
		</Unit>
		<Unit filename="WindLogType.cpp" />
		<Unit filename="WindLogType.h">
			<Option target="&lt;{~None~}&gt;" />
		</Unit>
		<Unit filename="WindLogTypeTest.cpp">
			<Option compile="0" />
			<Option link="0" />
		</Unit>
		<Extensions>
			<code_completion />
			<envvars />
			<debugger />
		</Extensions>
	</Project>
</CodeBlocks_project_file>
